
Microsoft Visual Studio Solution File, Format Version 12.00
# Visual Studio 2012
Project("{FAE04EC0-301F-11D3-BF4B-00C04F79EFBC}") = "wetherImporter", "wetherImporter\wetherImporter.csproj", "{11DC49C0-8A3F-41B6-8388-CC73BB4A99EA}"
EndProject
Global
	GlobalSection(SolutionConfigurationPlatforms) = preSolution
		Debug|Any CPU = Debug|Any CPU
		Release|Any CPU = Release|Any CPU
	EndGlobalSection
	GlobalSection(ProjectConfigurationPlatforms) = postSolution
		{11DC49C0-8A3F-41B6-8388-CC73BB4A99EA}.Debug|Any CPU.ActiveCfg = Debug|Any CPU
		{11DC49C0-8A3F-41B6-8388-CC73BB4A99EA}.Debug|Any CPU.Build.0 = Debug|Any CPU
		{11DC49C0-8A3F-41B6-8388-CC73BB4A99EA}.Release|Any CPU.ActiveCfg = Release|Any CPU
		{11DC49C0-8A3F-41B6-8388-CC73BB4A99EA}.Release|Any CPU.Build.0 = Release|Any CPU
	EndGlobalSection
EndGlobal
